
Microsoft Visual Studio Solution File, Format Version 12.00
# Visual Studio Version 17
VisualStudioVersion = 17.0.31912.275
MinimumVisualStudioVersion = 10.0.40219.1
Project("{FAE04EC0-301F-11D3-BF4B-00C04F79EFBC}") = "Beauty.Android", "Beauty.Android\Beauty.Android.csproj", "{BD1E85D7-C1CC-4050-B1FC-A53C99ACB520}"
EndProject
Project("{9A19103F-16F7-4668-BE54-9A1E7A4F7556}") = "Beauty", "Beauty\Beauty.csproj", "{EF1A8C5B-EA22-4C54-BA37-E741C01ECE32}"
EndProject
Project("{9A19103F-16F7-4668-BE54-9A1E7A4F7556}") = "Beauty.API", "Beauty.API\Beauty.API.csproj", "{9F95C193-8310-455A-A9C3-254EB105C8DC}"
EndProject
Project("{2150E333-8FDC-42A3-9474-1A3956D46DE8}") = "src", "src", "{2B052FE8-10C4-4232-8771-A32CBF50A1D5}"
EndProject
Project("{2150E333-8FDC-42A3-9474-1A3956D46DE8}") = "tests", "tests", "{ACDB4A6C-41EF-4DD4-95D4-A794D207C3F0}"
EndProject
Project("{9A19103F-16F7-4668-BE54-9A1E7A4F7556}") = "Beauty.EFDataAccessLibrary", "Beauty.EFDataAccessLibrary\Beauty.EFDataAccessLibrary.csproj", "{CCC6A86C-AD3D-424A-A2AE-98FB5059F2B2}"
EndProject
Project("{2150E333-8FDC-42A3-9474-1A3956D46DE8}") = "Mobile", "Mobile", "{6BBD738F-B0FA-4C45-BB51-233775BA7268}"
EndProject
Project("{2150E333-8FDC-42A3-9474-1A3956D46DE8}") = "Shared", "Shared", "{67388EB1-6489-4A0E-82BA-32D549DD4B3B}"
EndProject
Project("{FAE04EC0-301F-11D3-BF4B-00C04F79EFBC}") = "Beauty.iOS", "Beauty.iOS\Beauty.iOS.csproj", "{8A91D2D9-AD2B-434D-879F-ABE44484202A}"
EndProject
Project("{FAE04EC0-301F-11D3-BF4B-00C04F79EFBC}") = "Beauty.Helpers", "Beauty.Helpers\Beauty.Helpers.csproj", "{55E17F52-3CE5-4635-8341-C9EEF0B3D377}"
EndProject
Project("{FAE04EC0-301F-11D3-BF4B-00C04F79EFBC}") = "Beauty.Requests", "Beauty.Requests\Beauty.Requests.csproj", "{4CF891EA-E1F7-427F-97F8-A857C80F323A}"
EndProject
Project("{FAE04EC0-301F-11D3-BF4B-00C04F79EFBC}") = "Beauty.Responses", "Beauty.Responses\Beauty.Responses.csproj", "{2CBB5620-F9F5-4DAE-8FEB-2FD880A6C15E}"
EndProject
Global
	GlobalSection(SolutionConfigurationPlatforms) = preSolution
		Debug|Any CPU = Debug|Any CPU
		Debug|iPhone = Debug|iPhone
		Debug|iPhoneSimulator = Debug|iPhoneSimulator
		Release|Any CPU = Release|Any CPU
		Release|iPhone = Release|iPhone
		Release|iPhoneSimulator = Release|iPhoneSimulator
	EndGlobalSection
	GlobalSection(ProjectConfigurationPlatforms) = postSolution
		{BD1E85D7-C1CC-4050-B1FC-A53C99ACB520}.Debug|Any CPU.ActiveCfg = Debug|Any CPU
		{BD1E85D7-C1CC-4050-B1FC-A53C99ACB520}.Debug|Any CPU.Build.0 = Debug|Any CPU
		{BD1E85D7-C1CC-4050-B1FC-A53C99ACB520}.Debug|Any CPU.Deploy.0 = Debug|Any CPU
		{BD1E85D7-C1CC-4050-B1FC-A53C99ACB520}.Debug|iPhone.ActiveCfg = Debug|Any CPU
		{BD1E85D7-C1CC-4050-B1FC-A53C99ACB520}.Debug|iPhone.Build.0 = Debug|Any CPU
		{BD1E85D7-C1CC-4050-B1FC-A53C99ACB520}.Debug|iPhone.Deploy.0 = Debug|Any CPU
		{BD1E85D7-C1CC-4050-B1FC-A53C99ACB520}.Debug|iPhoneSimulator.ActiveCfg = Debug|Any CPU
		{BD1E85D7-C1CC-4050-B1FC-A53C99ACB520}.Debug|iPhoneSimulator.Build.0 = Debug|Any CPU
		{BD1E85D7-C1CC-4050-B1FC-A53C99ACB520}.Release|Any CPU.ActiveCfg = Release|Any CPU
		{BD1E85D7-C1CC-4050-B1FC-A53C99ACB520}.Release|Any CPU.Build.0 = Release|Any CPU
		{BD1E85D7-C1CC-4050-B1FC-A53C99ACB520}.Release|Any CPU.Deploy.0 = Release|Any CPU
		{BD1E85D7-C1CC-4050-B1FC-A53C99ACB520}.Release|iPhone.ActiveCfg = Release|Any CPU
		{BD1E85D7-C1CC-4050-B1FC-A53C99ACB520}.Release|iPhone.Build.0 = Release|Any CPU
		{BD1E85D7-C1CC-4050-B1FC-A53C99ACB520}.Release|iPhoneSimulator.ActiveCfg = Release|Any CPU
		{BD1E85D7-C1CC-4050-B1FC-A53C99ACB520}.Release|iPhoneSimulator.Build.0 = Release|Any CPU
		{EF1A8C5B-EA22-4C54-BA37-E741C01ECE32}.Debug|Any CPU.ActiveCfg = Debug|Any CPU
		{EF1A8C5B-EA22-4C54-BA37-E741C01ECE32}.Debug|Any CPU.Build.0 = Debug|Any CPU
		{EF1A8C5B-EA22-4C54-BA37-E741C01ECE32}.Debug|iPhone.ActiveCfg = Debug|Any CPU
		{EF1A8C5B-EA22-4C54-BA37-E741C01ECE32}.Debug|iPhone.Build.0 = Debug|Any CPU
		{EF1A8C5B-EA22-4C54-BA37-E741C01ECE32}.Debug|iPhoneSimulator.ActiveCfg = Debug|Any CPU
		{EF1A8C5B-EA22-4C54-BA37-E741C01ECE32}.Debug|iPhoneSimulator.Build.0 = Debug|Any CPU
		{EF1A8C5B-EA22-4C54-BA37-E741C01ECE32}.Release|Any CPU.ActiveCfg = Release|Any CPU
		{EF1A8C5B-EA22-4C54-BA37-E741C01ECE32}.Release|Any CPU.Build.0 = Release|Any CPU
		{EF1A8C5B-EA22-4C54-BA37-E741C01ECE32}.Release|iPhone.ActiveCfg = Release|Any CPU
		{EF1A8C5B-EA22-4C54-BA37-E741C01ECE32}.Release|iPhone.Build.0 = Release|Any CPU
		{EF1A8C5B-EA22-4C54-BA37-E741C01ECE32}.Release|iPhoneSimulator.ActiveCfg = Release|Any CPU
		{EF1A8C5B-EA22-4C54-BA37-E741C01ECE32}.Release|iPhoneSimulator.Build.0 = Release|Any CPU
		{9F95C193-8310-455A-A9C3-254EB105C8DC}.Debug|Any CPU.ActiveCfg = Debug|Any CPU
		{9F95C193-8310-455A-A9C3-254EB105C8DC}.Debug|Any CPU.Build.0 = Debug|Any CPU
		{9F95C193-8310-455A-A9C3-254EB105C8DC}.Debug|iPhone.ActiveCfg = Debug|Any CPU
		{9F95C193-8310-455A-A9C3-254EB105C8DC}.Debug|iPhone.Build.0 = Debug|Any CPU
		{9F95C193-8310-455A-A9C3-254EB105C8DC}.Debug|iPhoneSimulator.ActiveCfg = Debug|Any CPU
		{9F95C193-8310-455A-A9C3-254EB105C8DC}.Debug|iPhoneSimulator.Build.0 = Debug|Any CPU
		{9F95C193-8310-455A-A9C3-254EB105C8DC}.Release|Any CPU.ActiveCfg = Release|Any CPU
		{9F95C193-8310-455A-A9C3-254EB105C8DC}.Release|Any CPU.Build.0 = Release|Any CPU
		{9F95C193-8310-455A-A9C3-254EB105C8DC}.Release|iPhone.ActiveCfg = Release|Any CPU
		{9F95C193-8310-455A-A9C3-254EB105C8DC}.Release|iPhone.Build.0 = Release|Any CPU
		{9F95C193-8310-455A-A9C3-254EB105C8DC}.Release|iPhoneSimulator.ActiveCfg = Release|Any CPU
		{9F95C193-8310-455A-A9C3-254EB105C8DC}.Release|iPhoneSimulator.Build.0 = Release|Any CPU
		{CCC6A86C-AD3D-424A-A2AE-98FB5059F2B2}.Debug|Any CPU.ActiveCfg = Debug|Any CPU
		{CCC6A86C-AD3D-424A-A2AE-98FB5059F2B2}.Debug|Any CPU.Build.0 = Debug|Any CPU
		{CCC6A86C-AD3D-424A-A2AE-98FB5059F2B2}.Debug|iPhone.ActiveCfg = Debug|Any CPU
		{CCC6A86C-AD3D-424A-A2AE-98FB5059F2B2}.Debug|iPhone.Build.0 = Debug|Any CPU
		{CCC6A86C-AD3D-424A-A2AE-98FB5059F2B2}.Debug|iPhoneSimulator.ActiveCfg = Debug|Any CPU
		{CCC6A86C-AD3D-424A-A2AE-98FB5059F2B2}.Debug|iPhoneSimulator.Build.0 = Debug|Any CPU
		{CCC6A86C-AD3D-424A-A2AE-98FB5059F2B2}.Release|Any CPU.ActiveCfg = Release|Any CPU
		{CCC6A86C-AD3D-424A-A2AE-98FB5059F2B2}.Release|Any CPU.Build.0 = Release|Any CPU
		{CCC6A86C-AD3D-424A-A2AE-98FB5059F2B2}.Release|iPhone.ActiveCfg = Release|Any CPU
		{CCC6A86C-AD3D-424A-A2AE-98FB5059F2B2}.Release|iPhone.Build.0 = Release|Any CPU
		{CCC6A86C-AD3D-424A-A2AE-98FB5059F2B2}.Release|iPhoneSimulator.ActiveCfg = Release|Any CPU
		{CCC6A86C-AD3D-424A-A2AE-98FB5059F2B2}.Release|iPhoneSimulator.Build.0 = Release|Any CPU
		{8A91D2D9-AD2B-434D-879F-ABE44484202A}.Debug|Any CPU.ActiveCfg = Debug|iPhoneSimulator
		{8A91D2D9-AD2B-434D-879F-ABE44484202A}.Debug|Any CPU.Build.0 = Debug|iPhoneSimulator
		{8A91D2D9-AD2B-434D-879F-ABE44484202A}.Debug|iPhone.ActiveCfg = Debug|iPhone
		{8A91D2D9-AD2B-434D-879F-ABE44484202A}.Debug|iPhone.Build.0 = Debug|iPhone
		{8A91D2D9-AD2B-434D-879F-ABE44484202A}.Debug|iPhone.Deploy.0 = Debug|iPhone
		{8A91D2D9-AD2B-434D-879F-ABE44484202A}.Debug|iPhoneSimulator.ActiveCfg = Debug|iPhoneSimulator
		{8A91D2D9-AD2B-434D-879F-ABE44484202A}.Debug|iPhoneSimulator.Build.0 = Debug|iPhoneSimulator
		{8A91D2D9-AD2B-434D-879F-ABE44484202A}.Release|Any CPU.ActiveCfg = Release|iPhoneSimulator
		{8A91D2D9-AD2B-434D-879F-ABE44484202A}.Release|Any CPU.Build.0 = Release|iPhoneSimulator
		{8A91D2D9-AD2B-434D-879F-ABE44484202A}.Release|iPhone.ActiveCfg = Release|iPhone
		{8A91D2D9-AD2B-434D-879F-ABE44484202A}.Release|iPhone.Build.0 = Release|iPhone
		{8A91D2D9-AD2B-434D-879F-ABE44484202A}.Release|iPhoneSimulator.ActiveCfg = Release|iPhoneSimulator
		{8A91D2D9-AD2B-434D-879F-ABE44484202A}.Release|iPhoneSimulator.Build.0 = Release|iPhoneSimulator
		{55E17F52-3CE5-4635-8341-C9EEF0B3D377}.Debug|Any CPU.ActiveCfg = Debug|Any CPU
		{55E17F52-3CE5-4635-8341-C9EEF0B3D377}.Debug|Any CPU.Build.0 = Debug|Any CPU
		{55E17F52-3CE5-4635-8341-C9EEF0B3D377}.Debug|iPhone.ActiveCfg = Debug|Any CPU
		{55E17F52-3CE5-4635-8341-C9EEF0B3D377}.Debug|iPhone.Build.0 = Debug|Any CPU
		{55E17F52-3CE5-4635-8341-C9EEF0B3D377}.Debug|iPhoneSimulator.ActiveCfg = Debug|Any CPU
		{55E17F52-3CE5-4635-8341-C9EEF0B3D377}.Debug|iPhoneSimulator.Build.0 = Debug|Any CPU
		{55E17F52-3CE5-4635-8341-C9EEF0B3D377}.Release|Any CPU.ActiveCfg = Release|Any CPU
		{55E17F52-3CE5-4635-8341-C9EEF0B3D377}.Release|Any CPU.Build.0 = Release|Any CPU
		{55E17F52-3CE5-4635-8341-C9EEF0B3D377}.Release|iPhone.ActiveCfg = Release|Any CPU
		{55E17F52-3CE5-4635-8341-C9EEF0B3D377}.Release|iPhone.Build.0 = Release|Any CPU
		{55E17F52-3CE5-4635-8341-C9EEF0B3D377}.Release|iPhoneSimulator.ActiveCfg = Release|Any CPU
		{55E17F52-3CE5-4635-8341-C9EEF0B3D377}.Release|iPhoneSimulator.Build.0 = Release|Any CPU
		{4CF891EA-E1F7-427F-97F8-A857C80F323A}.Debug|Any CPU.ActiveCfg = Debug|Any CPU
		{4CF891EA-E1F7-427F-97F8-A857C80F323A}.Debug|Any CPU.Build.0 = Debug|Any CPU
		{4CF891EA-E1F7-427F-97F8-A857C80F323A}.Debug|iPhone.ActiveCfg = Debug|Any CPU
		{4CF891EA-E1F7-427F-97F8-A857C80F323A}.Debug|iPhone.Build.0 = Debug|Any CPU
		{4CF891EA-E1F7-427F-97F8-A857C80F323A}.Debug|iPhoneSimulator.ActiveCfg = Debug|Any CPU
		{4CF891EA-E1F7-427F-97F8-A857C80F323A}.Debug|iPhoneSimulator.Build.0 = Debug|Any CPU
		{4CF891EA-E1F7-427F-97F8-A857C80F323A}.Release|Any CPU.ActiveCfg = Release|Any CPU
		{4CF891EA-E1F7-427F-97F8-A857C80F323A}.Release|Any CPU.Build.0 = Release|Any CPU
		{4CF891EA-E1F7-427F-97F8-A857C80F323A}.Release|iPhone.ActiveCfg = Release|Any CPU
		{4CF891EA-E1F7-427F-97F8-A857C80F323A}.Release|iPhone.Build.0 = Release|Any CPU
		{4CF891EA-E1F7-427F-97F8-A857C80F323A}.Release|iPhoneSimulator.ActiveCfg = Release|Any CPU
		{4CF891EA-E1F7-427F-97F8-A857C80F323A}.Release|iPhoneSimulator.Build.0 = Release|Any CPU
		{2CBB5620-F9F5-4DAE-8FEB-2FD880A6C15E}.Debug|Any CPU.ActiveCfg = Debug|Any CPU
		{2CBB5620-F9F5-4DAE-8FEB-2FD880A6C15E}.Debug|Any CPU.Build.0 = Debug|Any CPU
		{2CBB5620-F9F5-4DAE-8FEB-2FD880A6C15E}.Debug|iPhone.ActiveCfg = Debug|Any CPU
		{2CBB5620-F9F5-4DAE-8FEB-2FD880A6C15E}.Debug|iPhone.Build.0 = Debug|Any CPU
		{2CBB5620-F9F5-4DAE-8FEB-2FD880A6C15E}.Debug|iPhoneSimulator.ActiveCfg = Debug|Any CPU
		{2CBB5620-F9F5-4DAE-8FEB-2FD880A6C15E}.Debug|iPhoneSimulator.Build.0 = Debug|Any CPU
		{2CBB5620-F9F5-4DAE-8FEB-2FD880A6C15E}.Release|Any CPU.ActiveCfg = Release|Any CPU
		{2CBB5620-F9F5-4DAE-8FEB-2FD880A6C15E}.Release|Any CPU.Build.0 = Release|Any CPU
		{2CBB5620-F9F5-4DAE-8FEB-2FD880A6C15E}.Release|iPhone.ActiveCfg = Release|Any CPU
		{2CBB5620-F9F5-4DAE-8FEB-2FD880A6C15E}.Release|iPhone.Build.0 = Release|Any CPU
		{2CBB5620-F9F5-4DAE-8FEB-2FD880A6C15E}.Release|iPhoneSimulator.ActiveCfg = Release|Any CPU
		{2CBB5620-F9F5-4DAE-8FEB-2FD880A6C15E}.Release|iPhoneSimulator.Build.0 = Release|Any CPU
	EndGlobalSection
	GlobalSection(SolutionProperties) = preSolution
		HideSolutionNode = FALSE
	EndGlobalSection
	GlobalSection(NestedProjects) = preSolution
		{BD1E85D7-C1CC-4050-B1FC-A53C99ACB520} = {6BBD738F-B0FA-4C45-BB51-233775BA7268}
		{EF1A8C5B-EA22-4C54-BA37-E741C01ECE32} = {6BBD738F-B0FA-4C45-BB51-233775BA7268}
		{9F95C193-8310-455A-A9C3-254EB105C8DC} = {2B052FE8-10C4-4232-8771-A32CBF50A1D5}
		{CCC6A86C-AD3D-424A-A2AE-98FB5059F2B2} = {67388EB1-6489-4A0E-82BA-32D549DD4B3B}
		{6BBD738F-B0FA-4C45-BB51-233775BA7268} = {2B052FE8-10C4-4232-8771-A32CBF50A1D5}
		{67388EB1-6489-4A0E-82BA-32D549DD4B3B} = {2B052FE8-10C4-4232-8771-A32CBF50A1D5}
		{8A91D2D9-AD2B-434D-879F-ABE44484202A} = {6BBD738F-B0FA-4C45-BB51-233775BA7268}
		{55E17F52-3CE5-4635-8341-C9EEF0B3D377} = {67388EB1-6489-4A0E-82BA-32D549DD4B3B}
		{4CF891EA-E1F7-427F-97F8-A857C80F323A} = {67388EB1-6489-4A0E-82BA-32D549DD4B3B}
		{2CBB5620-F9F5-4DAE-8FEB-2FD880A6C15E} = {67388EB1-6489-4A0E-82BA-32D549DD4B3B}
	EndGlobalSection
	GlobalSection(ExtensibilityGlobals) = postSolution
		SolutionGuid = {C711D8AF-995A-49DE-8BF5-DB849346C89B}
	EndGlobalSection
EndGlobal
